// !$*UTF8*$!
{
	archiveVersion = 1;
	classes = {
	};
	objectVersion = 50;
	objects = {

/* Begin PBXBuildFile section */
		3D89E675252900170087F0AF /* AppDelegate.swift in Sources */ = {isa = PBXBuildFile; fileRef = 3D89E674252900170087F0AF /* AppDelegate.swift */; };
		3D89E677252900170087F0AF /* SceneDelegate.swift in Sources */ = {isa = PBXBuildFile; fileRef = 3D89E676252900170087F0AF /* SceneDelegate.swift */; };
		3D89E679252900170087F0AF /* ViewController.swift in Sources */ = {isa = PBXBuildFile; fileRef = 3D89E678252900170087F0AF /* ViewController.swift */; };
		3D89E67C252900170087F0AF /* Main.storyboard in Resources */ = {isa = PBXBuildFile; fileRef = 3D89E67A252900170087F0AF /* Main.storyboard */; };
		3D89E67F252900170087F0AF /* bytehub.xcdatamodeld in Sources */ = {isa = PBXBuildFile; fileRef = 3D89E67D252900170087F0AF /* bytehub.xcdatamodeld */; };
		3D89E681252900190087F0AF /* Assets.xcassets in Resources */ = {isa = PBXBuildFile; fileRef = 3D89E680252900190087F0AF /* Assets.xcassets */; };
		3D89E684252900190087F0AF /* LaunchScreen.storyboard in Resources */ = {isa = PBXBuildFile; fileRef = 3D89E682252900190087F0AF /* LaunchScreen.storyboard */; };
		3D89E68F252900190087F0AF /* bytehubTests.swift in Sources */ = {isa = PBXBuildFile; fileRef = 3D89E68E252900190087F0AF /* bytehubTests.swift */; };
		3D89E69A252900190087F0AF /* bytehubUITests.swift in Sources */ = {isa = PBXBuildFile; fileRef = 3D89E699252900190087F0AF /* bytehubUITests.swift */; };
		3D89E6AE252900AA0087F0AF /* UserModel.swift in Sources */ = {isa = PBXBuildFile; fileRef = 3D89E6AD252900AA0087F0AF /* UserModel.swift */; };
		3D89E6B3252903670087F0AF /* User.swift in Sources */ = {isa = PBXBuildFile; fileRef = 3D89E6B2252903670087F0AF /* User.swift */; };
		3D89E6B82529058E0087F0AF /* ErrorsEnum.swift in Sources */ = {isa = PBXBuildFile; fileRef = 3D89E6B72529058E0087F0AF /* ErrorsEnum.swift */; };
/* End PBXBuildFile section */

/* Begin PBXContainerItemProxy section */
		3D89E68B252900190087F0AF /* PBXContainerItemProxy */ = {
			isa = PBXContainerItemProxy;
			containerPortal = 3D89E669252900170087F0AF /* Project object */;
			proxyType = 1;
			remoteGlobalIDString = 3D89E670252900170087F0AF;
			remoteInfo = bytehub;
		};
		3D89E696252900190087F0AF /* PBXContainerItemProxy */ = {
			isa = PBXContainerItemProxy;
			containerPortal = 3D89E669252900170087F0AF /* Project object */;
			proxyType = 1;
			remoteGlobalIDString = 3D89E670252900170087F0AF;
			remoteInfo = bytehub;
		};
/* End PBXContainerItemProxy section */

/* Begin PBXFileReference section */
		3D89E671252900170087F0AF /* bytehub.app */ = {isa = PBXFileReference; explicitFileType = wrapper.application; includeInIndex = 0; path = bytehub.app; sourceTree = BUILT_PRODUCTS_DIR; };
		3D89E674252900170087F0AF /* AppDelegate.swift */ = {isa = PBXFileReference; lastKnownFileType = sourcecode.swift; path = AppDelegate.swift; sourceTree = "<group>"; };
		3D89E676252900170087F0AF /* SceneDelegate.swift */ = {isa = PBXFileReference; lastKnownFileType = sourcecode.swift; path = SceneDelegate.swift; sourceTree = "<group>"; };
		3D89E678252900170087F0AF /* ViewController.swift */ = {isa = PBXFileReference; lastKnownFileType = sourcecode.swift; path = ViewController.swift; sourceTree = "<group>"; };
		3D89E67B252900170087F0AF /* Base */ = {isa = PBXFileReference; lastKnownFileType = file.storyboard; name = Base; path = Base.lproj/Main.storyboard; sourceTree = "<group>"; };
		3D89E67E252900170087F0AF /* bytehub.xcdatamodel */ = {isa = PBXFileReference; lastKnownFileType = wrapper.xcdatamodel; path = bytehub.xcdatamodel; sourceTree = "<group>"; };
		3D89E680252900190087F0AF /* Assets.xcassets */ = {isa = PBXFileReference; lastKnownFileType = folder.assetcatalog; path = Assets.xcassets; sourceTree = "<group>"; };
		3D89E683252900190087F0AF /* Base */ = {isa = PBXFileReference; lastKnownFileType = file.storyboard; name = Base; path = Base.lproj/LaunchScreen.storyboard; sourceTree = "<group>"; };
		3D89E685252900190087F0AF /* Info.plist */ = {isa = PBXFileReference; lastKnownFileType = text.plist.xml; path = Info.plist; sourceTree = "<group>"; };
		3D89E68A252900190087F0AF /* bytehubTests.xctest */ = {isa = PBXFileReference; explicitFileType = wrapper.cfbundle; includeInIndex = 0; path = bytehubTests.xctest; sourceTree = BUILT_PRODUCTS_DIR; };
		3D89E68E252900190087F0AF /* bytehubTests.swift */ = {isa = PBXFileReference; lastKnownFileType = sourcecode.swift; path = bytehubTests.swift; sourceTree = "<group>"; };
		3D89E690252900190087F0AF /* Info.plist */ = {isa = PBXFileReference; lastKnownFileType = text.plist.xml; path = Info.plist; sourceTree = "<group>"; };
		3D89E695252900190087F0AF /* bytehubUITests.xctest */ = {isa = PBXFileReference; explicitFileType = wrapper.cfbundle; includeInIndex = 0; path = bytehubUITests.xctest; sourceTree = BUILT_PRODUCTS_DIR; };
		3D89E699252900190087F0AF /* bytehubUITests.swift */ = {isa = PBXFileReference; lastKnownFileType = sourcecode.swift; path = bytehubUITests.swift; sourceTree = "<group>"; };
		3D89E69B252900190087F0AF /* Info.plist */ = {isa = PBXFileReference; lastKnownFileType = text.plist.xml; path = Info.plist; sourceTree = "<group>"; };
		3D89E6AD252900AA0087F0AF /* UserModel.swift */ = {isa = PBXFileReference; lastKnownFileType = sourcecode.swift; path = UserModel.swift; sourceTree = "<group>"; };
		3D89E6B2252903670087F0AF /* User.swift */ = {isa = PBXFileReference; lastKnownFileType = sourcecode.swift; path = User.swift; sourceTree = "<group>"; };
		3D89E6B72529058E0087F0AF /* ErrorsEnum.swift */ = {isa = PBXFileReference; lastKnownFileType = sourcecode.swift; path = ErrorsEnum.swift; sourceTree = "<group>"; };
/* End PBXFileReference section */

/* Begin PBXFrameworksBuildPhase section */
		3D89E66E252900170087F0AF /* Frameworks */ = {
			isa = PBXFrameworksBuildPhase;
			buildActionMask = 2147483647;
			files = (
			);
			runOnlyForDeploymentPostprocessing = 0;
		};
		3D89E687252900190087F0AF /* Frameworks */ = {
			isa = PBXFrameworksBuildPhase;
			buildActionMask = 2147483647;
			files = (
			);
			runOnlyForDeploymentPostprocessing = 0;
		};
		3D89E692252900190087F0AF /* Frameworks */ = {
			isa = PBXFrameworksBuildPhase;
			buildActionMask = 2147483647;
			files = (
			);
			runOnlyForDeploymentPostprocessing = 0;
		};
/* End PBXFrameworksBuildPhase section */

/* Begin PBXGroup section */
		3D89E668252900170087F0AF = {
			isa = PBXGroup;
			children = (
				3D89E673252900170087F0AF /* bytehub */,
				3D89E68D252900190087F0AF /* bytehubTests */,
				3D89E698252900190087F0AF /* bytehubUITests */,
				3D89E672252900170087F0AF /* Products */,
			);
			sourceTree = "<group>";
		};
		3D89E672252900170087F0AF /* Products */ = {
			isa = PBXGroup;
			children = (
				3D89E671252900170087F0AF /* bytehub.app */,
				3D89E68A252900190087F0AF /* bytehubTests.xctest */,
				3D89E695252900190087F0AF /* bytehubUITests.xctest */,
			);
			name = Products;
			sourceTree = "<group>";
		};
		3D89E673252900170087F0AF /* bytehub */ = {
			isa = PBXGroup;
			children = (
				3D89E6AC252900430087F0AF /* Controller */,
				3D89E6AB2529003D0087F0AF /* View */,
				3D89E6AA252900350087F0AF /* Model */,
				3D89E674252900170087F0AF /* AppDelegate.swift */,
				3D89E676252900170087F0AF /* SceneDelegate.swift */,
				3D89E680252900190087F0AF /* Assets.xcassets */,
				3D89E685252900190087F0AF /* Info.plist */,
				3D89E67D252900170087F0AF /* bytehub.xcdatamodeld */,
			);
			path = bytehub;
			sourceTree = "<group>";
		};
		3D89E68D252900190087F0AF /* bytehubTests */ = {
			isa = PBXGroup;
			children = (
				3D89E68E252900190087F0AF /* bytehubTests.swift */,
				3D89E690252900190087F0AF /* Info.plist */,
			);
			path = bytehubTests;
			sourceTree = "<group>";
		};
		3D89E698252900190087F0AF /* bytehubUITests */ = {
			isa = PBXGroup;
			children = (
				3D89E699252900190087F0AF /* bytehubUITests.swift */,
				3D89E69B252900190087F0AF /* Info.plist */,
			);
			path = bytehubUITests;
			sourceTree = "<group>";
		};
		3D89E6AA252900350087F0AF /* Model */ = {
			isa = PBXGroup;
			children = (
				3D89E6AD252900AA0087F0AF /* UserModel.swift */,
				3D89E6B2252903670087F0AF /* User.swift */,
				3D89E6B72529058E0087F0AF /* ErrorsEnum.swift */,
			);
			path = Model;
			sourceTree = "<group>";
		};
		3D89E6AB2529003D0087F0AF /* View */ = {
			isa = PBXGroup;
			children = (
				3D89E67A252900170087F0AF /* Main.storyboard */,
				3D89E682252900190087F0AF /* LaunchScreen.storyboard */,
			);
			path = View;
			sourceTree = "<group>";
		};
		3D89E6AC252900430087F0AF /* Controller */ = {
			isa = PBXGroup;
			children = (
				3D89E678252900170087F0AF /* ViewController.swift */,
			);
			path = Controller;
			sourceTree = "<group>";
		};
/* End PBXGroup section */

/* Begin PBXNativeTarget section */
		3D89E670252900170087F0AF /* bytehub */ = {
			isa = PBXNativeTarget;
			buildConfigurationList = 3D89E69E252900190087F0AF /* Build configuration list for PBXNativeTarget "bytehub" */;
			buildPhases = (
				3D89E66D252900170087F0AF /* Sources */,
				3D89E66E252900170087F0AF /* Frameworks */,
				3D89E66F252900170087F0AF /* Resources */,
			);
			buildRules = (
			);
			dependencies = (
			);
			name = bytehub;
			productName = bytehub;
			productReference = 3D89E671252900170087F0AF /* bytehub.app */;
			productType = "com.apple.product-type.application";
		};
		3D89E689252900190087F0AF /* bytehubTests */ = {
			isa = PBXNativeTarget;
			buildConfigurationList = 3D89E6A1252900190087F0AF /* Build configuration list for PBXNativeTarget "bytehubTests" */;
			buildPhases = (
				3D89E686252900190087F0AF /* Sources */,
				3D89E687252900190087F0AF /* Frameworks */,
				3D89E688252900190087F0AF /* Resources */,
			);
			buildRules = (
			);
			dependencies = (
				3D89E68C252900190087F0AF /* PBXTargetDependency */,
			);
			name = bytehubTests;
			productName = bytehubTests;
			productReference = 3D89E68A252900190087F0AF /* bytehubTests.xctest */;
			productType = "com.apple.product-type.bundle.unit-test";
		};
		3D89E694252900190087F0AF /* bytehubUITests */ = {
			isa = PBXNativeTarget;
			buildConfigurationList = 3D89E6A4252900190087F0AF /* Build configuration list for PBXNativeTarget "bytehubUITests" */;
			buildPhases = (
				3D89E691252900190087F0AF /* Sources */,
				3D89E692252900190087F0AF /* Frameworks */,
				3D89E693252900190087F0AF /* Resources */,
			);
			buildRules = (
			);
			dependencies = (
				3D89E697252900190087F0AF /* PBXTargetDependency */,
			);
			name = bytehubUITests;
			productName = bytehubUITests;
			productReference = 3D89E695252900190087F0AF /* bytehubUITests.xctest */;
			productType = "com.apple.product-type.bundle.ui-testing";
		};
/* End PBXNativeTarget section */

/* Begin PBXProject section */
		3D89E669252900170087F0AF /* Project object */ = {
			isa = PBXProject;
			attributes = {
				LastSwiftUpdateCheck = 1200;
				LastUpgradeCheck = 1200;
				TargetAttributes = {
					3D89E670252900170087F0AF = {
						CreatedOnToolsVersion = 12.0.1;
					};
					3D89E689252900190087F0AF = {
						CreatedOnToolsVersion = 12.0.1;
						TestTargetID = 3D89E670252900170087F0AF;
					};
					3D89E694252900190087F0AF = {
						CreatedOnToolsVersion = 12.0.1;
						TestTargetID = 3D89E670252900170087F0AF;
					};
				};
			};
			buildConfigurationList = 3D89E66C252900170087F0AF /* Build configuration list for PBXProject "bytehub" */;
			compatibilityVersion = "Xcode 9.3";
			developmentRegion = en;
			hasScannedForEncodings = 0;
			knownRegions = (
				en,
				Base,
			);
			mainGroup = 3D89E668252900170087F0AF;
			productRefGroup = 3D89E672252900170087F0AF /* Products */;
			projectDirPath = "";
			projectRoot = "";
			targets = (
				3D89E670252900170087F0AF /* bytehub */,
				3D89E689252900190087F0AF /* bytehubTests */,
				3D89E694252900190087F0AF /* bytehubUITests */,
			);
		};
/* End PBXProject section */

/* Begin PBXResourcesBuildPhase section */
		3D89E66F252900170087F0AF /* Resources */ = {
			isa = PBXResourcesBuildPhase;
			buildActionMask = 2147483647;
			files = (
				3D89E684252900190087F0AF /* LaunchScreen.storyboard in Resources */,
				3D89E681252900190087F0AF /* Assets.xcassets in Resources */,
				3D89E67C252900170087F0AF /* Main.storyboard in Resources */,
			);
			runOnlyForDeploymentPostprocessing = 0;
		};
		3D89E688252900190087F0AF /* Resources */ = {
			isa = PBXResourcesBuildPhase;
			buildActionMask = 2147483647;
			files = (
			);
			runOnlyForDeploymentPostprocessing = 0;
		};
		3D89E693252900190087F0AF /* Resources */ = {
			isa = PBXResourcesBuildPhase;
			buildActionMask = 2147483647;
			files = (
			);
			runOnlyForDeploymentPostprocessing = 0;
		};
/* End PBXResourcesBuildPhase section */

/* Begin PBXSourcesBuildPhase section */
		3D89E66D252900170087F0AF /* Sources */ = {
			isa = PBXSourcesBuildPhase;
			buildActionMask = 2147483647;
			files = (
				3D89E6B82529058E0087F0AF /* ErrorsEnum.swift in Sources */,
				3D89E679252900170087F0AF /* ViewController.swift in Sources */,
				3D89E675252900170087F0AF /* AppDelegate.swift in Sources */,
				3D89E6B3252903670087F0AF /* User.swift in Sources */,
				3D89E677252900170087F0AF /* SceneDelegate.swift in Sources */,
				3D89E6AE252900AA0087F0AF /* UserModel.swift in Sources */,
				3D89E67F252900170087F0AF /* bytehub.xcdatamodeld in Sources */,
			);
			runOnlyForDeploymentPostprocessing = 0;
		};
		3D89E686252900190087F0AF /* Sources */ = {
			isa = PBXSourcesBuildPhase;
			buildActionMask = 2147483647;
			files = (
				3D89E68F252900190087F0AF /* bytehubTests.swift in Sources */,
			);
			runOnlyForDeploymentPostprocessing = 0;
		};
		3D89E691252900190087F0AF /* Sources */ = {
			isa = PBXSourcesBuildPhase;
			buildActionMask = 2147483647;
			files = (
				3D89E69A252900190087F0AF /* bytehubUITests.swift in Sources */,
			);
			runOnlyForDeploymentPostprocessing = 0;
		};
/* End PBXSourcesBuildPhase section */

/* Begin PBXTargetDependency section */
		3D89E68C252900190087F0AF /* PBXTargetDependency */ = {
			isa = PBXTargetDependency;
			target = 3D89E670252900170087F0AF /* bytehub */;
			targetProxy = 3D89E68B252900190087F0AF /* PBXContainerItemProxy */;
		};
		3D89E697252900190087F0AF /* PBXTargetDependency */ = {
			isa = PBXTargetDependency;
			target = 3D89E670252900170087F0AF /* bytehub */;
			targetProxy = 3D89E696252900190087F0AF /* PBXContainerItemProxy */;
		};
/* End PBXTargetDependency section */

/* Begin PBXVariantGroup section */
		3D89E67A252900170087F0AF /* Main.storyboard */ = {
			isa = PBXVariantGroup;
			children = (
				3D89E67B252900170087F0AF /* Base */,
			);
			name = Main.storyboard;
			sourceTree = "<group>";
		};
		3D89E682252900190087F0AF /* LaunchScreen.storyboard */ = {
			isa = PBXVariantGroup;
			children = (
				3D89E683252900190087F0AF /* Base */,
			);
			name = LaunchScreen.storyboard;
			sourceTree = "<group>";
		};
/* End PBXVariantGroup section */

/* Begin XCBuildConfiguration section */
		3D89E69C252900190087F0AF /* Debug */ = {
			isa = XCBuildConfiguration;
			buildSettings = {
				ALWAYS_SEARCH_USER_PATHS = NO;
				CLANG_ANALYZER_NONNULL = YES;
				CLANG_ANALYZER_NUMBER_OBJECT_CONVERSION = YES_AGGRESSIVE;
				CLANG_CXX_LANGUAGE_STANDARD = "gnu++14";
				CLANG_CXX_LIBRARY = "libc++";
				CLANG_ENABLE_MODULES = YES;
				CLANG_ENABLE_OBJC_ARC = YES;
				CLANG_ENABLE_OBJC_WEAK = YES;
				CLANG_WARN_BLOCK_CAPTURE_AUTORELEASING = YES;
				CLANG_WARN_BOOL_CONVERSION = YES;
				CLANG_WARN_COMMA = YES;
				CLANG_WARN_CONSTANT_CONVERSION = YES;
				CLANG_WARN_DEPRECATED_OBJC_IMPLEMENTATIONS = YES;
				CLANG_WARN_DIRECT_OBJC_ISA_USAGE = YES_ERROR;
				CLANG_WARN_DOCUMENTATION_COMMENTS = YES;
				CLANG_WARN_EMPTY_BODY = YES;
				CLANG_WARN_ENUM_CONVERSION = YES;
				CLANG_WARN_INFINITE_RECURSION = YES;
				CLANG_WARN_INT_CONVERSION = YES;
				CLANG_WARN_NON_LITERAL_NULL_CONVERSION = YES;
				CLANG_WARN_OBJC_IMPLICIT_RETAIN_SELF = YES;
				CLANG_WARN_OBJC_LITERAL_CONVERSION = YES;
				CLANG_WARN_OBJC_ROOT_CLASS = YES_ERROR;
				CLANG_WARN_QUOTED_INCLUDE_IN_FRAMEWORK_HEADER = YES;
				CLANG_WARN_RANGE_LOOP_ANALYSIS = YES;
				CLANG_WARN_STRICT_PROTOTYPES = YES;
				CLANG_WARN_SUSPICIOUS_MOVE = YES;
				CLANG_WARN_UNGUARDED_AVAILABILITY = YES_AGGRESSIVE;
				CLANG_WARN_UNREACHABLE_CODE = YES;
				CLANG_WARN__DUPLICATE_METHOD_MATCH = YES;
				COPY_PHASE_STRIP = NO;
				DEBUG_INFORMATION_FORMAT = dwarf;
				ENABLE_STRICT_OBJC_MSGSEND = YES;
				ENABLE_TESTABILITY = YES;
				GCC_C_LANGUAGE_STANDARD = gnu11;
				GCC_DYNAMIC_NO_PIC = NO;
				GCC_NO_COMMON_BLOCKS = YES;
				GCC_OPTIMIZATION_LEVEL = 0;
				GCC_PREPROCESSOR_DEFINITIONS = (
					"DEBUG=1",
					"$(inherited)",
				);
				GCC_WARN_64_TO_32_BIT_CONVERSION = YES;
				GCC_WARN_ABOUT_RETURN_TYPE = YES_ERROR;
				GCC_WARN_UNDECLARED_SELECTOR = YES;
				GCC_WARN_UNINITIALIZED_AUTOS = YES_AGGRESSIVE;
				GCC_WARN_UNUSED_FUNCTION = YES;
				GCC_WARN_UNUSED_VARIABLE = YES;
				IPHONEOS_DEPLOYMENT_TARGET = 14.0;
				MTL_ENABLE_DEBUG_INFO = INCLUDE_SOURCE;
				MTL_FAST_MATH = YES;
				ONLY_ACTIVE_ARCH = YES;
				SDKROOT = iphoneos;
				SWIFT_ACTIVE_COMPILATION_CONDITIONS = DEBUG;
				SWIFT_OPTIMIZATION_LEVEL = "-Onone";
			};
			name = Debug;
		};
		3D89E69D252900190087F0AF /* Release */ = {
			isa = XCBuildConfiguration;
			buildSettings = {
				ALWAYS_SEARCH_USER_PATHS = NO;
				CLANG_ANALYZER_NONNULL = YES;
				CLANG_ANALYZER_NUMBER_OBJECT_CONVERSION = YES_AGGRESSIVE;
				CLANG_CXX_LANGUAGE_STANDARD = "gnu++14";
				CLANG_CXX_LIBRARY = "libc++";
				CLANG_ENABLE_MODULES = YES;
				CLANG_ENABLE_OBJC_ARC = YES;
				CLANG_ENABLE_OBJC_WEAK = YES;
				CLANG_WARN_BLOCK_CAPTURE_AUTORELEASING = YES;
				CLANG_WARN_BOOL_CONVERSION = YES;
				CLANG_WARN_COMMA = YES;
				CLANG_WARN_CONSTANT_CONVERSION = YES;
				CLANG_WARN_DEPRECATED_OBJC_IMPLEMENTATIONS = YES;
				CLANG_WARN_DIRECT_OBJC_ISA_USAGE = YES_ERROR;
				CLANG_WARN_DOCUMENTATION_COMMENTS = YES;
				CLANG_WARN_EMPTY_BODY = YES;
				CLANG_WARN_ENUM_CONVERSION = YES;
				CLANG_WARN_INFINITE_RECURSION = YES;
				CLANG_WARN_INT_CONVERSION = YES;
				CLANG_WARN_NON_LITERAL_NULL_CONVERSION = YES;
				CLANG_WARN_OBJC_IMPLICIT_RETAIN_SELF = YES;
				CLANG_WARN_OBJC_LITERAL_CONVERSION = YES;
				CLANG_WARN_OBJC_ROOT_CLASS = YES_ERROR;
				CLANG_WARN_QUOTED_INCLUDE_IN_FRAMEWORK_HEADER = YES;
				CLANG_WARN_RANGE_LOOP_ANALYSIS = YES;
				CLANG_WARN_STRICT_PROTOTYPES = YES;
				CLANG_WARN_SUSPICIOUS_MOVE = YES;
				CLANG_WARN_UNGUARDED_AVAILABILITY = YES_AGGRESSIVE;
				CLANG_WARN_UNREACHABLE_CODE = YES;
				CLANG_WARN__DUPLICATE_METHOD_MATCH = YES;
				COPY_PHASE_STRIP = NO;
				DEBUG_INFORMATION_FORMAT = "dwarf-with-dsym";
				ENABLE_NS_ASSERTIONS = NO;
				ENABLE_STRICT_OBJC_MSGSEND = YES;
				GCC_C_LANGUAGE_STANDARD = gnu11;
				GCC_NO_COMMON_BLOCKS = YES;
				GCC_WARN_64_TO_32_BIT_CONVERSION = YES;
				GCC_WARN_ABOUT_RETURN_TYPE = YES_ERROR;
				GCC_WARN_UNDECLARED_SELECTOR = YES;
				GCC_WARN_UNINITIALIZED_AUTOS = YES_AGGRESSIVE;
				GCC_WARN_UNUSED_FUNCTION = YES;
				GCC_WARN_UNUSED_VARIABLE = YES;
				IPHONEOS_DEPLOYMENT_TARGET = 14.0;
				MTL_ENABLE_DEBUG_INFO = NO;
				MTL_FAST_MATH = YES;
				SDKROOT = iphoneos;
				SWIFT_COMPILATION_MODE = wholemodule;
				SWIFT_OPTIMIZATION_LEVEL = "-O";
				VALIDATE_PRODUCT = YES;
			};
			name = Release;
		};
		3D89E69F252900190087F0AF /* Debug */ = {
			isa = XCBuildConfiguration;
			buildSettings = {
				ASSETCATALOG_COMPILER_APPICON_NAME = AppIcon;
				ASSETCATALOG_COMPILER_GLOBAL_ACCENT_COLOR_NAME = AccentColor;
				CODE_SIGN_STYLE = Automatic;
				DEVELOPMENT_TEAM = 2739973BY8;
				INFOPLIST_FILE = bytehub/Info.plist;
				LD_RUNPATH_SEARCH_PATHS = (
					"$(inherited)",
					"@executable_path/Frameworks",
				);
				PRODUCT_BUNDLE_IDENTIFIER = com.juantavera.bytehub;
				PRODUCT_NAME = "$(TARGET_NAME)";
				SWIFT_VERSION = 5.0;
				TARGETED_DEVICE_FAMILY = "1,2";
			};
			name = Debug;
		};
		3D89E6A0252900190087F0AF /* Release */ = {
			isa = XCBuildConfiguration;
			buildSettings = {
				ASSETCATALOG_COMPILER_APPICON_NAME = AppIcon;
				ASSETCATALOG_COMPILER_GLOBAL_ACCENT_COLOR_NAME = AccentColor;
				CODE_SIGN_STYLE = Automatic;
				DEVELOPMENT_TEAM = 2739973BY8;
				INFOPLIST_FILE = bytehub/Info.plist;
				LD_RUNPATH_SEARCH_PATHS = (
					"$(inherited)",
					"@executable_path/Frameworks",
				);
				PRODUCT_BUNDLE_IDENTIFIER = com.juantavera.bytehub;
				PRODUCT_NAME = "$(TARGET_NAME)";
				SWIFT_VERSION = 5.0;
				TARGETED_DEVICE_FAMILY = "1,2";
			};
			name = Release;
		};
		3D89E6A2252900190087F0AF /* Debug */ = {
			isa = XCBuildConfiguration;
			buildSettings = {
				ALWAYS_EMBED_SWIFT_STANDARD_LIBRARIES = YES;
				BUNDLE_LOADER = "$(TEST_HOST)";
				CODE_SIGN_STYLE = Automatic;
				DEVELOPMENT_TEAM = 2739973BY8;
				INFOPLIST_FILE = bytehubTests/Info.plist;
				IPHONEOS_DEPLOYMENT_TARGET = 14.0;
				LD_RUNPATH_SEARCH_PATHS = (
					"$(inherited)",
					"@executable_path/Frameworks",
					"@loader_path/Frameworks",
				);
				PRODUCT_BUNDLE_IDENTIFIER = com.juantavera.bytehubTests;
				PRODUCT_NAME = "$(TARGET_NAME)";
				SWIFT_VERSION = 5.0;
				TARGETED_DEVICE_FAMILY = "1,2";
				TEST_HOST = "$(BUILT_PRODUCTS_DIR)/bytehub.app/bytehub";
			};
			name = Debug;
		};
		3D89E6A3252900190087F0AF /* Release */ = {
			isa = XCBuildConfiguration;
			buildSettings = {
				ALWAYS_EMBED_SWIFT_STANDARD_LIBRARIES = YES;
				BUNDLE_LOADER = "$(TEST_HOST)";
				CODE_SIGN_STYLE = Automatic;
				DEVELOPMENT_TEAM = 2739973BY8;
				INFOPLIST_FILE = bytehubTests/Info.plist;
				IPHONEOS_DEPLOYMENT_TARGET = 14.0;
				LD_RUNPATH_SEARCH_PATHS = (
					"$(inherited)",
					"@executable_path/Frameworks",
					"@loader_path/Frameworks",
				);
				PRODUCT_BUNDLE_IDENTIFIER = com.juantavera.bytehubTests;
				PRODUCT_NAME = "$(TARGET_NAME)";
				SWIFT_VERSION = 5.0;
				TARGETED_DEVICE_FAMILY = "1,2";
				TEST_HOST = "$(BUILT_PRODUCTS_DIR)/bytehub.app/bytehub";
			};
			name = Release;
		};
		3D89E6A5252900190087F0AF /* Debug */ = {
			isa = XCBuildConfiguration;
			buildSettings = {
				ALWAYS_EMBED_SWIFT_STANDARD_LIBRARIES = YES;
				CODE_SIGN_STYLE = Automatic;
				DEVELOPMENT_TEAM = 2739973BY8;
				INFOPLIST_FILE = bytehubUITests/Info.plist;
				LD_RUNPATH_SEARCH_PATHS = (
					"$(inherited)",
					"@executable_path/Frameworks",
					"@loader_path/Frameworks",
				);
				PRODUCT_BUNDLE_IDENTIFIER = com.juantavera.bytehubUITests;
				PRODUCT_NAME = "$(TARGET_NAME)";
				SWIFT_VERSION = 5.0;
				TARGETED_DEVICE_FAMILY = "1,2";
				TEST_TARGET_NAME = bytehub;
			};
			name = Debug;
		};
		3D89E6A6252900190087F0AF /* Release */ = {
			isa = XCBuildConfiguration;
			buildSettings = {
				ALWAYS_EMBED_SWIFT_STANDARD_LIBRARIES = YES;
				CODE_SIGN_STYLE = Automatic;
				DEVELOPMENT_TEAM = 2739973BY8;
				INFOPLIST_FILE = bytehubUITests/Info.plist;
				LD_RUNPATH_SEARCH_PATHS = (
					"$(inherited)",
					"@executable_path/Frameworks",
					"@loader_path/Frameworks",
				);
				PRODUCT_BUNDLE_IDENTIFIER = com.juantavera.bytehubUITests;
				PRODUCT_NAME = "$(TARGET_NAME)";
				SWIFT_VERSION = 5.0;
				TARGETED_DEVICE_FAMILY = "1,2";
				TEST_TARGET_NAME = bytehub;
			};
			name = Release;
		};
/* End XCBuildConfiguration section */

/* Begin XCConfigurationList section */
		3D89E66C252900170087F0AF /* Build configuration list for PBXProject "bytehub" */ = {
			isa = XCConfigurationList;
			buildConfigurations = (
				3D89E69C252900190087F0AF /* Debug */,
				3D89E69D252900190087F0AF /* Release */,
			);
			defaultConfigurationIsVisible = 0;
			defaultConfigurationName = Release;
		};
		3D89E69E252900190087F0AF /* Build configuration list for PBXNativeTarget "bytehub" */ = {
			isa = XCConfigurationList;
			buildConfigurations = (
				3D89E69F252900190087F0AF /* Debug */,
				3D89E6A0252900190087F0AF /* Release */,
			);
			defaultConfigurationIsVisible = 0;
			defaultConfigurationName = Release;
		};
		3D89E6A1252900190087F0AF /* Build configuration list for PBXNativeTarget "bytehubTests" */ = {
			isa = XCConfigurationList;
			buildConfigurations = (
				3D89E6A2252900190087F0AF /* Debug */,
				3D89E6A3252900190087F0AF /* Release */,
			);
			defaultConfigurationIsVisible = 0;
			defaultConfigurationName = Release;
		};
		3D89E6A4252900190087F0AF /* Build configuration list for PBXNativeTarget "bytehubUITests" */ = {
			isa = XCConfigurationList;
			buildConfigurations = (
				3D89E6A5252900190087F0AF /* Debug */,
				3D89E6A6252900190087F0AF /* Release */,
			);
			defaultConfigurationIsVisible = 0;
			defaultConfigurationName = Release;
		};
/* End XCConfigurationList section */

/* Begin XCVersionGroup section */
		3D89E67D252900170087F0AF /* bytehub.xcdatamodeld */ = {
			isa = XCVersionGroup;
			children = (
				3D89E67E252900170087F0AF /* bytehub.xcdatamodel */,
			);
			currentVersion = 3D89E67E252900170087F0AF /* bytehub.xcdatamodel */;
			path = bytehub.xcdatamodeld;
			sourceTree = "<group>";
			versionGroupType = wrapper.xcdatamodel;
		};
/* End XCVersionGroup section */
	};
	rootObject = 3D89E669252900170087F0AF /* Project object */;
}
